// !$*UTF8*$!
{
	archiveVersion = 1;
	classes = {
	};
	objectVersion = 70;
	objects = {

/* Begin PBXBuildFile section */
		273A51022D3492ED004F6FEB /* NetworkManager in Frameworks */ = {isa = PBXBuildFile; productRef = 273A51012D3492ED004F6FEB /* NetworkManager */; };
		273A510B2D34C335004F6FEB /* CharactersDetails in Frameworks */ = {isa = PBXBuildFile; productRef = 273A510A2D34C335004F6FEB /* CharactersDetails */; };
		273A510D2D34C350004F6FEB /* CharacterDetailsInterface in Frameworks */ = {isa = PBXBuildFile; productRef = 273A510C2D34C350004F6FEB /* CharacterDetailsInterface */; };
		27B23A562D354B7300F4B222 /* CommonModels in Frameworks */ = {isa = PBXBuildFile; productRef = 27B23A552D354B7300F4B222 /* CommonModels */; };
		27B23A582D354B7800F4B222 /* Utilities in Frameworks */ = {isa = PBXBuildFile; productRef = 27B23A572D354B7800F4B222 /* Utilities */; };
		27B23A7C2D35588A00F4B222 /* CommonUI in Frameworks */ = {isa = PBXBuildFile; productRef = 27B23A7B2D35588A00F4B222 /* CommonUI */; };
		27B23B6B2D35F40C00F4B222 /* SharedError in Frameworks */ = {isa = PBXBuildFile; productRef = 27B23B6A2D35F40C00F4B222 /* SharedError */; };
		27F1B81C2D381EA10097CF81 /* DependencyConfigurableInterface in Frameworks */ = {isa = PBXBuildFile; productRef = 27F1B81B2D381EA10097CF81 /* DependencyConfigurableInterface */; };
		27F44E7B2D347B9A00D7C2C9 /* Characters in Frameworks */ = {isa = PBXBuildFile; productRef = 27F44E7A2D347B9A00D7C2C9 /* Characters */; };
/* End PBXBuildFile section */

/* Begin PBXContainerItemProxy section */
		27F44C1B2D3469E500D7C2C9 /* PBXContainerItemProxy */ = {
			isa = PBXContainerItemProxy;
			containerPortal = 27F44BFC2D3469E400D7C2C9 /* Project object */;
			proxyType = 1;
			remoteGlobalIDString = 27F44C032D3469E400D7C2C9;
			remoteInfo = RickAndMorty;
		};
		27F44C252D3469E500D7C2C9 /* PBXContainerItemProxy */ = {
			isa = PBXContainerItemProxy;
			containerPortal = 27F44BFC2D3469E400D7C2C9 /* Project object */;
			proxyType = 1;
			remoteGlobalIDString = 27F44C032D3469E400D7C2C9;
			remoteInfo = RickAndMorty;
		};
/* End PBXContainerItemProxy section */

/* Begin PBXFileReference section */
		273A4FF12D34804F004F6FEB /* RickAndMorty.xcodeproj */ = {isa = PBXFileReference; lastKnownFileType = "wrapper.pb-project"; path = RickAndMorty.xcodeproj; sourceTree = "<group>"; };
		273A50262D3480CA004F6FEB /* Characters */ = {isa = PBXFileReference; lastKnownFileType = wrapper; path = Characters; sourceTree = "<group>"; };
		273A50812D348966004F6FEB /* RickAndMorty.xcodeproj */ = {isa = PBXFileReference; lastKnownFileType = "wrapper.pb-project"; path = RickAndMorty.xcodeproj; sourceTree = "<group>"; };
		273A51352D3542E6004F6FEB /* DependencyContainer */ = {isa = PBXFileReference; lastKnownFileType = wrapper; path = DependencyContainer; sourceTree = "<group>"; };
		27B23A302D3544CF00F4B222 /* Utilities */ = {isa = PBXFileReference; lastKnownFileType = wrapper; path = Utilities; sourceTree = "<group>"; };
		27B23A312D3546FB00F4B222 /* CommonModels */ = {isa = PBXFileReference; lastKnownFileType = wrapper; path = CommonModels; sourceTree = "<group>"; };
		27B23A322D35472C00F4B222 /* CharactersDetails */ = {isa = PBXFileReference; lastKnownFileType = wrapper; path = CharactersDetails; sourceTree = "<group>"; };
		27B23A332D35473D00F4B222 /* CharacterDetailsInterface */ = {isa = PBXFileReference; lastKnownFileType = wrapper; path = CharacterDetailsInterface; sourceTree = "<group>"; };
		27B23A7A2D35587600F4B222 /* CommonUI */ = {isa = PBXFileReference; lastKnownFileType = wrapper; path = CommonUI; sourceTree = "<group>"; };
		27B23B482D35F38E00F4B222 /* SharedError */ = {isa = PBXFileReference; lastKnownFileType = wrapper; path = SharedError; sourceTree = "<group>"; };
		27F1B81A2D381C970097CF81 /* DependencyConfigurableInterface */ = {isa = PBXFileReference; lastKnownFileType = wrapper; path = DependencyConfigurableInterface; sourceTree = "<group>"; };
		27F44C042D3469E400D7C2C9 /* RickAndMorty.app */ = {isa = PBXFileReference; explicitFileType = wrapper.application; includeInIndex = 0; path = RickAndMorty.app; sourceTree = BUILT_PRODUCTS_DIR; };
		27F44C1A2D3469E500D7C2C9 /* RickAndMortyTests.xctest */ = {isa = PBXFileReference; explicitFileType = wrapper.cfbundle; includeInIndex = 0; path = RickAndMortyTests.xctest; sourceTree = BUILT_PRODUCTS_DIR; };
		27F44C242D3469E500D7C2C9 /* RickAndMortyUITests.xctest */ = {isa = PBXFileReference; explicitFileType = wrapper.cfbundle; includeInIndex = 0; path = RickAndMortyUITests.xctest; sourceTree = BUILT_PRODUCTS_DIR; };
		27F44C7B2D346DD400D7C2C9 /* RickAndMorty.xcodeproj */ = {isa = PBXFileReference; lastKnownFileType = "wrapper.pb-project"; path = RickAndMorty.xcodeproj; sourceTree = "<group>"; };
		27F44CAC2D346EA600D7C2C9 /* NetworkManager */ = {isa = PBXFileReference; lastKnownFileType = wrapper; path = NetworkManager; sourceTree = "<group>"; };
		27F44D5F2D34736600D7C2C9 /* RickAndMorty.xcodeproj */ = {isa = PBXFileReference; lastKnownFileType = "wrapper.pb-project"; path = RickAndMorty.xcodeproj; sourceTree = "<group>"; };
		27F44DB82D34776D00D7C2C9 /* RickAndMorty.xcodeproj */ = {isa = PBXFileReference; lastKnownFileType = "wrapper.pb-project"; path = RickAndMorty.xcodeproj; sourceTree = "<group>"; };
		27F44E042D3478D000D7C2C9 /* RickAndMorty.xcodeproj */ = {isa = PBXFileReference; lastKnownFileType = "wrapper.pb-project"; path = RickAndMorty.xcodeproj; sourceTree = "<group>"; };
		27F44E4E2D347B8D00D7C2C9 /* RickAndMorty.xcodeproj */ = {isa = PBXFileReference; lastKnownFileType = "wrapper.pb-project"; path = RickAndMorty.xcodeproj; sourceTree = "<group>"; };
/* End PBXFileReference section */

/* Begin PBXFileSystemSynchronizedBuildFileExceptionSet section */
		27F44C2C2D3469E500D7C2C9 /* PBXFileSystemSynchronizedBuildFileExceptionSet */ = {
			isa = PBXFileSystemSynchronizedBuildFileExceptionSet;
			membershipExceptions = (
				Info.plist,
			);
			target = 27F44C032D3469E400D7C2C9 /* RickAndMorty */;
		};
/* End PBXFileSystemSynchronizedBuildFileExceptionSet section */

/* Begin PBXFileSystemSynchronizedRootGroup section */
		27F44C062D3469E400D7C2C9 /* RickAndMorty */ = {isa = PBXFileSystemSynchronizedRootGroup; exceptions = (27F44C2C2D3469E500D7C2C9 /* PBXFileSystemSynchronizedBuildFileExceptionSet */, ); explicitFileTypes = {}; explicitFolders = (); path = RickAndMorty; sourceTree = "<group>"; };
		27F44C1D2D3469E500D7C2C9 /* RickAndMortyTests */ = {isa = PBXFileSystemSynchronizedRootGroup; explicitFileTypes = {}; explicitFolders = (); path = RickAndMortyTests; sourceTree = "<group>"; };
		27F44C272D3469E500D7C2C9 /* RickAndMortyUITests */ = {isa = PBXFileSystemSynchronizedRootGroup; explicitFileTypes = {}; explicitFolders = (); path = RickAndMortyUITests; sourceTree = "<group>"; };
/* End PBXFileSystemSynchronizedRootGroup section */

/* Begin PBXFrameworksBuildPhase section */
		27F44C012D3469E400D7C2C9 /* Frameworks */ = {
			isa = PBXFrameworksBuildPhase;
			buildActionMask = 2147483647;
			files = (
				27F44E7B2D347B9A00D7C2C9 /* Characters in Frameworks */,
				27B23A582D354B7800F4B222 /* Utilities in Frameworks */,
				273A510D2D34C350004F6FEB /* CharacterDetailsInterface in Frameworks */,
				27B23A7C2D35588A00F4B222 /* CommonUI in Frameworks */,
				27B23B6B2D35F40C00F4B222 /* SharedError in Frameworks */,
				27F1B81C2D381EA10097CF81 /* DependencyConfigurableInterface in Frameworks */,
				273A51022D3492ED004F6FEB /* NetworkManager in Frameworks */,
				273A510B2D34C335004F6FEB /* CharactersDetails in Frameworks */,
				27B23A562D354B7300F4B222 /* CommonModels in Frameworks */,
			);
			runOnlyForDeploymentPostprocessing = 0;
		};
		27F44C172D3469E500D7C2C9 /* Frameworks */ = {
			isa = PBXFrameworksBuildPhase;
			buildActionMask = 2147483647;
			files = (
			);
			runOnlyForDeploymentPostprocessing = 0;
		};
		27F44C212D3469E500D7C2C9 /* Frameworks */ = {
			isa = PBXFrameworksBuildPhase;
			buildActionMask = 2147483647;
			files = (
			);
			runOnlyForDeploymentPostprocessing = 0;
		};
/* End PBXFrameworksBuildPhase section */

/* Begin PBXGroup section */
		273A4FF42D34804F004F6FEB /* Products */ = {
			isa = PBXGroup;
			children = (
			);
			name = Products;
			sourceTree = "<group>";
		};
		273A501C2D3480A8004F6FEB /* Modules */ = {
			isa = PBXGroup;
			children = (
				27B23A7E2D35921F00F4B222 /* Characters */,
				27B23A7D2D3591EC00F4B222 /* CharacterDetails */,
			);
			path = Modules;
			sourceTree = "<group>";
		};
		273A50842D348966004F6FEB /* Products */ = {
			isa = PBXGroup;
			children = (
			);
			name = Products;
			sourceTree = "<group>";
		};
		27B23A7D2D3591EC00F4B222 /* CharacterDetails */ = {
			isa = PBXGroup;
			children = (
				27B23A322D35472C00F4B222 /* CharactersDetails */,
				27B23A332D35473D00F4B222 /* CharacterDetailsInterface */,
			);
			path = CharacterDetails;
			sourceTree = "<group>";
		};
		27B23A7E2D35921F00F4B222 /* Characters */ = {
			isa = PBXGroup;
			children = (
				273A50262D3480CA004F6FEB /* Characters */,
			);
			path = Characters;
			sourceTree = "<group>";
		};
		27F44BFB2D3469E400D7C2C9 = {
			isa = PBXGroup;
			children = (
				27F44CAD2D346EA600D7C2C9 /* Packages */,
				27F44C062D3469E400D7C2C9 /* RickAndMorty */,
				27F44C1D2D3469E500D7C2C9 /* RickAndMortyTests */,
				27F44C272D3469E500D7C2C9 /* RickAndMortyUITests */,
				27F44E792D347B9A00D7C2C9 /* Frameworks */,
				27F44C052D3469E400D7C2C9 /* Products */,
			);
			sourceTree = "<group>";
		};
		27F44C052D3469E400D7C2C9 /* Products */ = {
			isa = PBXGroup;
			children = (
				27F44C042D3469E400D7C2C9 /* RickAndMorty.app */,
				27F44C1A2D3469E500D7C2C9 /* RickAndMortyTests.xctest */,
				27F44C242D3469E500D7C2C9 /* RickAndMortyUITests.xctest */,
			);
			name = Products;
			sourceTree = "<group>";
		};
		27F44C7C2D346DD400D7C2C9 /* Products */ = {
			isa = PBXGroup;
			children = (
			);
			name = Products;
			sourceTree = "<group>";
		};
		27F44CAD2D346EA600D7C2C9 /* Packages */ = {
			isa = PBXGroup;
			children = (
				27F1B81A2D381C970097CF81 /* DependencyConfigurableInterface */,
				27B23B482D35F38E00F4B222 /* SharedError */,
				27B23A7A2D35587600F4B222 /* CommonUI */,
				27B23A312D3546FB00F4B222 /* CommonModels */,
				27B23A302D3544CF00F4B222 /* Utilities */,
				273A51352D3542E6004F6FEB /* DependencyContainer */,
				27F44CAC2D346EA600D7C2C9 /* NetworkManager */,
				273A501C2D3480A8004F6FEB /* Modules */,
			);
			path = Packages;
			sourceTree = "<group>";
		};
		27F44D622D34736600D7C2C9 /* Products */ = {
			isa = PBXGroup;
			children = (
			);
			name = Products;
			sourceTree = "<group>";
		};
		27F44DBB2D34776D00D7C2C9 /* Products */ = {
			isa = PBXGroup;
			children = (
			);
			name = Products;
			sourceTree = "<group>";
		};
		27F44E072D3478D000D7C2C9 /* Products */ = {
			isa = PBXGroup;
			children = (
			);
			name = Products;
			sourceTree = "<group>";
		};
		27F44E512D347B8D00D7C2C9 /* Products */ = {
			isa = PBXGroup;
			children = (
			);
			name = Products;
			sourceTree = "<group>";
		};
		27F44E792D347B9A00D7C2C9 /* Frameworks */ = {
			isa = PBXGroup;
			children = (
			);
			name = Frameworks;
			sourceTree = "<group>";
		};
/* End PBXGroup section */

/* Begin PBXNativeTarget section */
		27F44C032D3469E400D7C2C9 /* RickAndMorty */ = {
			isa = PBXNativeTarget;
			buildConfigurationList = 27F44C2D2D3469E500D7C2C9 /* Build configuration list for PBXNativeTarget "RickAndMorty" */;
			buildPhases = (
				27F44C002D3469E400D7C2C9 /* Sources */,
				27F44C012D3469E400D7C2C9 /* Frameworks */,
				27F44C022D3469E400D7C2C9 /* Resources */,
			);
			buildRules = (
			);
			dependencies = (
			);
			fileSystemSynchronizedGroups = (
				27F44C062D3469E400D7C2C9 /* RickAndMorty */,
			);
			name = RickAndMorty;
			packageProductDependencies = (
				27F44E7A2D347B9A00D7C2C9 /* Characters */,
				273A51012D3492ED004F6FEB /* NetworkManager */,
				273A510A2D34C335004F6FEB /* CharactersDetails */,
				273A510C2D34C350004F6FEB /* CharacterDetailsInterface */,
				27B23A552D354B7300F4B222 /* CommonModels */,
				27B23A572D354B7800F4B222 /* Utilities */,
				27B23A7B2D35588A00F4B222 /* CommonUI */,
				27B23B6A2D35F40C00F4B222 /* SharedError */,
				27F1B81B2D381EA10097CF81 /* DependencyConfigurableInterface */,
			);
			productName = RickAndMorty;
			productReference = 27F44C042D3469E400D7C2C9 /* RickAndMorty.app */;
			productType = "com.apple.product-type.application";
		};
		27F44C192D3469E500D7C2C9 /* RickAndMortyTests */ = {
			isa = PBXNativeTarget;
			buildConfigurationList = 27F44C322D3469E500D7C2C9 /* Build configuration list for PBXNativeTarget "RickAndMortyTests" */;
			buildPhases = (
				27F44C162D3469E500D7C2C9 /* Sources */,
				27F44C172D3469E500D7C2C9 /* Frameworks */,
				27F44C182D3469E500D7C2C9 /* Resources */,
			);
			buildRules = (
			);
			dependencies = (
				27F44C1C2D3469E500D7C2C9 /* PBXTargetDependency */,
			);
			fileSystemSynchronizedGroups = (
				27F44C1D2D3469E500D7C2C9 /* RickAndMortyTests */,
			);
			name = RickAndMortyTests;
			packageProductDependencies = (
			);
			productName = RickAndMortyTests;
			productReference = 27F44C1A2D3469E500D7C2C9 /* RickAndMortyTests.xctest */;
			productType = "com.apple.product-type.bundle.unit-test";
		};
		27F44C232D3469E500D7C2C9 /* RickAndMortyUITests */ = {
			isa = PBXNativeTarget;
			buildConfigurationList = 27F44C352D3469E500D7C2C9 /* Build configuration list for PBXNativeTarget "RickAndMortyUITests" */;
			buildPhases = (
				27F44C202D3469E500D7C2C9 /* Sources */,
				27F44C212D3469E500D7C2C9 /* Frameworks */,
				27F44C222D3469E500D7C2C9 /* Resources */,
			);
			buildRules = (
			);
			dependencies = (
				27F44C262D3469E500D7C2C9 /* PBXTargetDependency */,
			);
			fileSystemSynchronizedGroups = (
				27F44C272D3469E500D7C2C9 /* RickAndMortyUITests */,
			);
			name = RickAndMortyUITests;
			packageProductDependencies = (
			);
			productName = RickAndMortyUITests;
			productReference = 27F44C242D3469E500D7C2C9 /* RickAndMortyUITests.xctest */;
			productType = "com.apple.product-type.bundle.ui-testing";
		};
/* End PBXNativeTarget section */

/* Begin PBXProject section */
		27F44BFC2D3469E400D7C2C9 /* Project object */ = {
			isa = PBXProject;
			attributes = {
				BuildIndependentTargetsInParallel = 1;
				LastSwiftUpdateCheck = 1620;
				LastUpgradeCheck = 1620;
				TargetAttributes = {
					27F44C032D3469E400D7C2C9 = {
						CreatedOnToolsVersion = 16.2;
					};
					27F44C192D3469E500D7C2C9 = {
						CreatedOnToolsVersion = 16.2;
						TestTargetID = 27F44C032D3469E400D7C2C9;
					};
					27F44C232D3469E500D7C2C9 = {
						CreatedOnToolsVersion = 16.2;
						TestTargetID = 27F44C032D3469E400D7C2C9;
					};
				};
			};
			buildConfigurationList = 27F44BFF2D3469E400D7C2C9 /* Build configuration list for PBXProject "RickAndMorty" */;
			compatibilityVersion = "Xcode 15.0";
			developmentRegion = en;
			hasScannedForEncodings = 0;
			knownRegions = (
				en,
				Base,
			);
			mainGroup = 27F44BFB2D3469E400D7C2C9;
			minimizedProjectReferenceProxies = 1;
			packageReferences = (
			);
			productRefGroup = 27F44C052D3469E400D7C2C9 /* Products */;
			projectDirPath = "";
			projectReferences = (
				{
					ProductGroup = 27F44DBB2D34776D00D7C2C9 /* Products */;
					ProjectRef = 27F44DB82D34776D00D7C2C9 /* RickAndMorty.xcodeproj */;
				},
				{
					ProductGroup = 27F44D622D34736600D7C2C9 /* Products */;
					ProjectRef = 27F44D5F2D34736600D7C2C9 /* RickAndMorty.xcodeproj */;
				},
				{
					ProductGroup = 273A4FF42D34804F004F6FEB /* Products */;
					ProjectRef = 273A4FF12D34804F004F6FEB /* RickAndMorty.xcodeproj */;
				},
				{
					ProductGroup = 27F44C7C2D346DD400D7C2C9 /* Products */;
					ProjectRef = 27F44C7B2D346DD400D7C2C9 /* RickAndMorty.xcodeproj */;
				},
				{
					ProductGroup = 27F44E072D3478D000D7C2C9 /* Products */;
					ProjectRef = 27F44E042D3478D000D7C2C9 /* RickAndMorty.xcodeproj */;
				},
				{
					ProductGroup = 27F44E512D347B8D00D7C2C9 /* Products */;
					ProjectRef = 27F44E4E2D347B8D00D7C2C9 /* RickAndMorty.xcodeproj */;
				},
				{
					ProductGroup = 273A50842D348966004F6FEB /* Products */;
					ProjectRef = 273A50812D348966004F6FEB /* RickAndMorty.xcodeproj */;
				},
			);
			projectRoot = "";
			targets = (
				27F44C032D3469E400D7C2C9 /* RickAndMorty */,
				27F44C192D3469E500D7C2C9 /* RickAndMortyTests */,
				27F44C232D3469E500D7C2C9 /* RickAndMortyUITests */,
			);
		};
/* End PBXProject section */

/* Begin PBXResourcesBuildPhase section */
		27F44C022D3469E400D7C2C9 /* Resources */ = {
			isa = PBXResourcesBuildPhase;
			buildActionMask = 2147483647;
			files = (
			);
			runOnlyForDeploymentPostprocessing = 0;
		};
		27F44C182D3469E500D7C2C9 /* Resources */ = {
			isa = PBXResourcesBuildPhase;
			buildActionMask = 2147483647;
			files = (
			);
			runOnlyForDeploymentPostprocessing = 0;
		};
		27F44C222D3469E500D7C2C9 /* Resources */ = {
			isa = PBXResourcesBuildPhase;
			buildActionMask = 2147483647;
			files = (
			);
			runOnlyForDeploymentPostprocessing = 0;
		};
/* End PBXResourcesBuildPhase section */

/* Begin PBXSourcesBuildPhase section */
		27F44C002D3469E400D7C2C9 /* Sources */ = {
			isa = PBXSourcesBuildPhase;
			buildActionMask = 2147483647;
			files = (
			);
			runOnlyForDeploymentPostprocessing = 0;
		};
		27F44C162D3469E500D7C2C9 /* Sources */ = {
			isa = PBXSourcesBuildPhase;
			buildActionMask = 2147483647;
			files = (
			);
			runOnlyForDeploymentPostprocessing = 0;
		};
		27F44C202D3469E500D7C2C9 /* Sources */ = {
			isa = PBXSourcesBuildPhase;
			buildActionMask = 2147483647;
			files = (
			);
			runOnlyForDeploymentPostprocessing = 0;
		};
/* End PBXSourcesBuildPhase section */

/* Begin PBXTargetDependency section */
		27F44C1C2D3469E500D7C2C9 /* PBXTargetDependency */ = {
			isa = PBXTargetDependency;
			target = 27F44C032D3469E400D7C2C9 /* RickAndMorty */;
			targetProxy = 27F44C1B2D3469E500D7C2C9 /* PBXContainerItemProxy */;
		};
		27F44C262D3469E500D7C2C9 /* PBXTargetDependency */ = {
			isa = PBXTargetDependency;
			target = 27F44C032D3469E400D7C2C9 /* RickAndMorty */;
			targetProxy = 27F44C252D3469E500D7C2C9 /* PBXContainerItemProxy */;
		};
/* End PBXTargetDependency section */

/* Begin XCBuildConfiguration section */
		27F44C2E2D3469E500D7C2C9 /* Debug */ = {
			isa = XCBuildConfiguration;
			buildSettings = {
				ASSETCATALOG_COMPILER_APPICON_NAME = AppIcon;
				ASSETCATALOG_COMPILER_GLOBAL_ACCENT_COLOR_NAME = AccentColor;
				CODE_SIGN_STYLE = Automatic;
				CURRENT_PROJECT_VERSION = 1;
				DEVELOPMENT_TEAM = XEUM6ADZ7C;
				GENERATE_INFOPLIST_FILE = YES;
				INFOPLIST_FILE = RickAndMorty/Info.plist;
				INFOPLIST_KEY_UIApplicationSupportsIndirectInputEvents = YES;
				INFOPLIST_KEY_UILaunchStoryboardName = LaunchScreen;
				INFOPLIST_KEY_UISupportedInterfaceOrientations = UIInterfaceOrientationPortrait;
				INFOPLIST_KEY_UISupportedInterfaceOrientations_iPad = "UIInterfaceOrientationLandscapeLeft UIInterfaceOrientationLandscapeRight UIInterfaceOrientationPortrait UIInterfaceOrientationPortraitUpsideDown";
				INFOPLIST_KEY_UIUserInterfaceStyle = Light;
				IPHONEOS_DEPLOYMENT_TARGET = 15.6;
				LD_RUNPATH_SEARCH_PATHS = (
					"$(inherited)",
					"@executable_path/Frameworks",
				);
				MARKETING_VERSION = 1.0;
				PRODUCT_BUNDLE_IDENTIFIER = com.RickAndMorty.RickAndMorty;
				PRODUCT_NAME = "$(TARGET_NAME)";
				SUPPORTED_PLATFORMS = "iphoneos iphonesimulator";
				SUPPORTS_MACCATALYST = NO;
				SUPPORTS_MAC_DESIGNED_FOR_IPHONE_IPAD = NO;
				SUPPORTS_XR_DESIGNED_FOR_IPHONE_IPAD = NO;
				SWIFT_EMIT_LOC_STRINGS = YES;
				SWIFT_VERSION = 5.0;
				TARGETED_DEVICE_FAMILY = 1;
			};
			name = Debug;
		};
		27F44C2F2D3469E500D7C2C9 /* Release */ = {
			isa = XCBuildConfiguration;
			buildSettings = {
				ASSETCATALOG_COMPILER_APPICON_NAME = AppIcon;
				ASSETCATALOG_COMPILER_GLOBAL_ACCENT_COLOR_NAME = AccentColor;
				CODE_SIGN_STYLE = Automatic;
				CURRENT_PROJECT_VERSION = 1;
				DEVELOPMENT_TEAM = XEUM6ADZ7C;
				GENERATE_INFOPLIST_FILE = YES;
				INFOPLIST_FILE = RickAndMorty/Info.plist;
				INFOPLIST_KEY_UIApplicationSupportsIndirectInputEvents = YES;
				INFOPLIST_KEY_UILaunchStoryboardName = LaunchScreen;
				INFOPLIST_KEY_UISupportedInterfaceOrientations = UIInterfaceOrientationPortrait;
				INFOPLIST_KEY_UISupportedInterfaceOrientations_iPad = "UIInterfaceOrientationLandscapeLeft UIInterfaceOrientationLandscapeRight UIInterfaceOrientationPortrait UIInterfaceOrientationPortraitUpsideDown";
				INFOPLIST_KEY_UIUserInterfaceStyle = Light;
				IPHONEOS_DEPLOYMENT_TARGET = 15.6;
				LD_RUNPATH_SEARCH_PATHS = (
					"$(inherited)",
					"@executable_path/Frameworks",
				);
				MARKETING_VERSION = 1.0;
				PRODUCT_BUNDLE_IDENTIFIER = com.RickAndMorty.RickAndMorty;
				PRODUCT_NAME = "$(TARGET_NAME)";
				SUPPORTED_PLATFORMS = "iphoneos iphonesimulator";
				SUPPORTS_MACCATALYST = NO;
				SUPPORTS_MAC_DESIGNED_FOR_IPHONE_IPAD = NO;
				SUPPORTS_XR_DESIGNED_FOR_IPHONE_IPAD = NO;
				SWIFT_EMIT_LOC_STRINGS = YES;
				SWIFT_VERSION = 5.0;
				TARGETED_DEVICE_FAMILY = 1;
			};
			name = Release;
		};
		27F44C302D3469E500D7C2C9 /* Debug */ = {
			isa = XCBuildConfiguration;
			buildSettings = {
				ALWAYS_SEARCH_USER_PATHS = NO;
				ASSETCATALOG_COMPILER_GENERATE_SWIFT_ASSET_SYMBOL_EXTENSIONS = YES;
				CLANG_ANALYZER_NONNULL = YES;
				CLANG_ANALYZER_NUMBER_OBJECT_CONVERSION = YES_AGGRESSIVE;
				CLANG_CXX_LANGUAGE_STANDARD = "gnu++20";
				CLANG_ENABLE_MODULES = YES;
				CLANG_ENABLE_OBJC_ARC = YES;
				CLANG_ENABLE_OBJC_WEAK = YES;
				CLANG_WARN_BLOCK_CAPTURE_AUTORELEASING = YES;
				CLANG_WARN_BOOL_CONVERSION = YES;
				CLANG_WARN_COMMA = YES;
				CLANG_WARN_CONSTANT_CONVERSION = YES;
				CLANG_WARN_DEPRECATED_OBJC_IMPLEMENTATIONS = YES;
				CLANG_WARN_DIRECT_OBJC_ISA_USAGE = YES_ERROR;
				CLANG_WARN_DOCUMENTATION_COMMENTS = YES;
				CLANG_WARN_EMPTY_BODY = YES;
				CLANG_WARN_ENUM_CONVERSION = YES;
				CLANG_WARN_INFINITE_RECURSION = YES;
				CLANG_WARN_INT_CONVERSION = YES;
				CLANG_WARN_NON_LITERAL_NULL_CONVERSION = YES;
				CLANG_WARN_OBJC_IMPLICIT_RETAIN_SELF = YES;
				CLANG_WARN_OBJC_LITERAL_CONVERSION = YES;
				CLANG_WARN_OBJC_ROOT_CLASS = YES_ERROR;
				CLANG_WARN_QUOTED_INCLUDE_IN_FRAMEWORK_HEADER = YES;
				CLANG_WARN_RANGE_LOOP_ANALYSIS = YES;
				CLANG_WARN_STRICT_PROTOTYPES = YES;
				CLANG_WARN_SUSPICIOUS_MOVE = YES;
				CLANG_WARN_UNGUARDED_AVAILABILITY = YES_AGGRESSIVE;
				CLANG_WARN_UNREACHABLE_CODE = YES;
				CLANG_WARN__DUPLICATE_METHOD_MATCH = YES;
				COPY_PHASE_STRIP = NO;
				DEBUG_INFORMATION_FORMAT = dwarf;
				ENABLE_STRICT_OBJC_MSGSEND = YES;
				ENABLE_TESTABILITY = YES;
				ENABLE_USER_SCRIPT_SANDBOXING = YES;
				GCC_C_LANGUAGE_STANDARD = gnu17;
				GCC_DYNAMIC_NO_PIC = NO;
				GCC_NO_COMMON_BLOCKS = YES;
				GCC_OPTIMIZATION_LEVEL = 0;
				GCC_PREPROCESSOR_DEFINITIONS = (
					"DEBUG=1",
					"$(inherited)",
				);
				GCC_WARN_64_TO_32_BIT_CONVERSION = YES;
				GCC_WARN_ABOUT_RETURN_TYPE = YES_ERROR;
				GCC_WARN_UNDECLARED_SELECTOR = YES;
				GCC_WARN_UNINITIALIZED_AUTOS = YES_AGGRESSIVE;
				GCC_WARN_UNUSED_FUNCTION = YES;
				GCC_WARN_UNUSED_VARIABLE = YES;
				IPHONEOS_DEPLOYMENT_TARGET = 18.2;
				LOCALIZATION_PREFERS_STRING_CATALOGS = YES;
				MTL_ENABLE_DEBUG_INFO = INCLUDE_SOURCE;
				MTL_FAST_MATH = YES;
				ONLY_ACTIVE_ARCH = YES;
				SDKROOT = iphoneos;
				SWIFT_ACTIVE_COMPILATION_CONDITIONS = "DEBUG $(inherited)";
				SWIFT_OPTIMIZATION_LEVEL = "-Onone";
				SWIFT_VERSION = 5.0;
			};
			name = Debug;
		};
		27F44C312D3469E500D7C2C9 /* Release */ = {
			isa = XCBuildConfiguration;
			buildSettings = {
				ALWAYS_SEARCH_USER_PATHS = NO;
				ASSETCATALOG_COMPILER_GENERATE_SWIFT_ASSET_SYMBOL_EXTENSIONS = YES;
				CLANG_ANALYZER_NONNULL = YES;
				CLANG_ANALYZER_NUMBER_OBJECT_CONVERSION = YES_AGGRESSIVE;
				CLANG_CXX_LANGUAGE_STANDARD = "gnu++20";
				CLANG_ENABLE_MODULES = YES;
				CLANG_ENABLE_OBJC_ARC = YES;
				CLANG_ENABLE_OBJC_WEAK = YES;
				CLANG_WARN_BLOCK_CAPTURE_AUTORELEASING = YES;
				CLANG_WARN_BOOL_CONVERSION = YES;
				CLANG_WARN_COMMA = YES;
				CLANG_WARN_CONSTANT_CONVERSION = YES;
				CLANG_WARN_DEPRECATED_OBJC_IMPLEMENTATIONS = YES;
				CLANG_WARN_DIRECT_OBJC_ISA_USAGE = YES_ERROR;
				CLANG_WARN_DOCUMENTATION_COMMENTS = YES;
				CLANG_WARN_EMPTY_BODY = YES;
				CLANG_WARN_ENUM_CONVERSION = YES;
				CLANG_WARN_INFINITE_RECURSION = YES;
				CLANG_WARN_INT_CONVERSION = YES;
				CLANG_WARN_NON_LITERAL_NULL_CONVERSION = YES;
				CLANG_WARN_OBJC_IMPLICIT_RETAIN_SELF = YES;
				CLANG_WARN_OBJC_LITERAL_CONVERSION = YES;
				CLANG_WARN_OBJC_ROOT_CLASS = YES_ERROR;
				CLANG_WARN_QUOTED_INCLUDE_IN_FRAMEWORK_HEADER = YES;
				CLANG_WARN_RANGE_LOOP_ANALYSIS = YES;
				CLANG_WARN_STRICT_PROTOTYPES = YES;
				CLANG_WARN_SUSPICIOUS_MOVE = YES;
				CLANG_WARN_UNGUARDED_AVAILABILITY = YES_AGGRESSIVE;
				CLANG_WARN_UNREACHABLE_CODE = YES;
				CLANG_WARN__DUPLICATE_METHOD_MATCH = YES;
				COPY_PHASE_STRIP = NO;
				DEBUG_INFORMATION_FORMAT = "dwarf-with-dsym";
				ENABLE_NS_ASSERTIONS = NO;
				ENABLE_STRICT_OBJC_MSGSEND = YES;
				ENABLE_USER_SCRIPT_SANDBOXING = YES;
				GCC_C_LANGUAGE_STANDARD = gnu17;
				GCC_NO_COMMON_BLOCKS = YES;
				GCC_WARN_64_TO_32_BIT_CONVERSION = YES;
				GCC_WARN_ABOUT_RETURN_TYPE = YES_ERROR;
				GCC_WARN_UNDECLARED_SELECTOR = YES;
				GCC_WARN_UNINITIALIZED_AUTOS = YES_AGGRESSIVE;
				GCC_WARN_UNUSED_FUNCTION = YES;
				GCC_WARN_UNUSED_VARIABLE = YES;
				IPHONEOS_DEPLOYMENT_TARGET = 18.2;
				LOCALIZATION_PREFERS_STRING_CATALOGS = YES;
				MTL_ENABLE_DEBUG_INFO = NO;
				MTL_FAST_MATH = YES;
				SDKROOT = iphoneos;
				SWIFT_COMPILATION_MODE = wholemodule;
				SWIFT_VERSION = 5.0;
				VALIDATE_PRODUCT = YES;
			};
			name = Release;
		};
		27F44C332D3469E500D7C2C9 /* Debug */ = {
			isa = XCBuildConfiguration;
			buildSettings = {
				BUNDLE_LOADER = "$(TEST_HOST)";
				CODE_SIGN_STYLE = Automatic;
				CURRENT_PROJECT_VERSION = 1;
				DEVELOPMENT_TEAM = TQM9DBNZR5;
				GENERATE_INFOPLIST_FILE = YES;
				IPHONEOS_DEPLOYMENT_TARGET = 18.2;
				MARKETING_VERSION = 1.0;
				PRODUCT_BUNDLE_IDENTIFIER = com.RickAndMorty.RickAndMortyTests;
				PRODUCT_NAME = "$(TARGET_NAME)";
				SWIFT_EMIT_LOC_STRINGS = NO;
				SWIFT_VERSION = 5.0;
				TARGETED_DEVICE_FAMILY = "1,2";
				TEST_HOST = "$(BUILT_PRODUCTS_DIR)/RickAndMorty.app/$(BUNDLE_EXECUTABLE_FOLDER_PATH)/RickAndMorty";
			};
			name = Debug;
		};
		27F44C342D3469E500D7C2C9 /* Release */ = {
			isa = XCBuildConfiguration;
			buildSettings = {
				BUNDLE_LOADER = "$(TEST_HOST)";
				CODE_SIGN_STYLE = Automatic;
				CURRENT_PROJECT_VERSION = 1;
				DEVELOPMENT_TEAM = TQM9DBNZR5;
				GENERATE_INFOPLIST_FILE = YES;
				IPHONEOS_DEPLOYMENT_TARGET = 18.2;
				MARKETING_VERSION = 1.0;
				PRODUCT_BUNDLE_IDENTIFIER = com.RickAndMorty.RickAndMortyTests;
				PRODUCT_NAME = "$(TARGET_NAME)";
				SWIFT_EMIT_LOC_STRINGS = NO;
				SWIFT_VERSION = 5.0;
				TARGETED_DEVICE_FAMILY = "1,2";
				TEST_HOST = "$(BUILT_PRODUCTS_DIR)/RickAndMorty.app/$(BUNDLE_EXECUTABLE_FOLDER_PATH)/RickAndMorty";
			};
			name = Release;
		};
		27F44C362D3469E500D7C2C9 /* Debug */ = {
			isa = XCBuildConfiguration;
			buildSettings = {
				CODE_SIGN_STYLE = Automatic;
				CURRENT_PROJECT_VERSION = 1;
				DEVELOPMENT_TEAM = TQM9DBNZR5;
				GENERATE_INFOPLIST_FILE = YES;
				MARKETING_VERSION = 1.0;
				PRODUCT_BUNDLE_IDENTIFIER = com.RickAndMorty.RickAndMortyUITests;
				PRODUCT_NAME = "$(TARGET_NAME)";
				SWIFT_EMIT_LOC_STRINGS = NO;
				SWIFT_VERSION = 5.0;
				TARGETED_DEVICE_FAMILY = "1,2";
				TEST_TARGET_NAME = RickAndMorty;
			};
			name = Debug;
		};
		27F44C372D3469E500D7C2C9 /* Release */ = {
			isa = XCBuildConfiguration;
			buildSettings = {
				CODE_SIGN_STYLE = Automatic;
				CURRENT_PROJECT_VERSION = 1;
				DEVELOPMENT_TEAM = TQM9DBNZR5;
				GENERATE_INFOPLIST_FILE = YES;
				MARKETING_VERSION = 1.0;
				PRODUCT_BUNDLE_IDENTIFIER = com.RickAndMorty.RickAndMortyUITests;
				PRODUCT_NAME = "$(TARGET_NAME)";
				SWIFT_EMIT_LOC_STRINGS = NO;
				SWIFT_VERSION = 5.0;
				TARGETED_DEVICE_FAMILY = "1,2";
				TEST_TARGET_NAME = RickAndMorty;
			};
			name = Release;
		};
/* End XCBuildConfiguration section */

/* Begin XCConfigurationList section */
		27F44BFF2D3469E400D7C2C9 /* Build configuration list for PBXProject "RickAndMorty" */ = {
			isa = XCConfigurationList;
			buildConfigurations = (
				27F44C302D3469E500D7C2C9 /* Debug */,
				27F44C312D3469E500D7C2C9 /* Release */,
			);
			defaultConfigurationIsVisible = 0;
			defaultConfigurationName = Release;
		};
		27F44C2D2D3469E500D7C2C9 /* Build configuration list for PBXNativeTarget "RickAndMorty" */ = {
			isa = XCConfigurationList;
			buildConfigurations = (
				27F44C2E2D3469E500D7C2C9 /* Debug */,
				27F44C2F2D3469E500D7C2C9 /* Release */,
			);
			defaultConfigurationIsVisible = 0;
			defaultConfigurationName = Release;
		};
		27F44C322D3469E500D7C2C9 /* Build configuration list for PBXNativeTarget "RickAndMortyTests" */ = {
			isa = XCConfigurationList;
			buildConfigurations = (
				27F44C332D3469E500D7C2C9 /* Debug */,
				27F44C342D3469E500D7C2C9 /* Release */,
			);
			defaultConfigurationIsVisible = 0;
			defaultConfigurationName = Release;
		};
		27F44C352D3469E500D7C2C9 /* Build configuration list for PBXNativeTarget "RickAndMortyUITests" */ = {
			isa = XCConfigurationList;
			buildConfigurations = (
				27F44C362D3469E500D7C2C9 /* Debug */,
				27F44C372D3469E500D7C2C9 /* Release */,
			);
			defaultConfigurationIsVisible = 0;
			defaultConfigurationName = Release;
		};
/* End XCConfigurationList section */

/* Begin XCSwiftPackageProductDependency section */
		273A51012D3492ED004F6FEB /* NetworkManager */ = {
			isa = XCSwiftPackageProductDependency;
			productName = NetworkManager;
		};
		273A510A2D34C335004F6FEB /* CharactersDetails */ = {
			isa = XCSwiftPackageProductDependency;
			productName = CharactersDetails;
		};
		273A510C2D34C350004F6FEB /* CharacterDetailsInterface */ = {
			isa = XCSwiftPackageProductDependency;
			productName = CharacterDetailsInterface;
		};
		27B23A552D354B7300F4B222 /* CommonModels */ = {
			isa = XCSwiftPackageProductDependency;
			productName = CommonModels;
		};
		27B23A572D354B7800F4B222 /* Utilities */ = {
			isa = XCSwiftPackageProductDependency;
			productName = Utilities;
		};
		27B23A7B2D35588A00F4B222 /* CommonUI */ = {
			isa = XCSwiftPackageProductDependency;
			productName = CommonUI;
		};
		27B23B6A2D35F40C00F4B222 /* SharedError */ = {
			isa = XCSwiftPackageProductDependency;
			productName = SharedError;
		};
		27F1B81B2D381EA10097CF81 /* DependencyConfigurableInterface */ = {
			isa = XCSwiftPackageProductDependency;
			productName = DependencyConfigurableInterface;
		};
		27F44E7A2D347B9A00D7C2C9 /* Characters */ = {
			isa = XCSwiftPackageProductDependency;
			productName = Characters;
		};
/* End XCSwiftPackageProductDependency section */
	};
	rootObject = 27F44BFC2D3469E400D7C2C9 /* Project object */;
}
